
Microsoft Visual Studio Solution File, Format Version 12.00
# Visual Studio 14
VisualStudioVersion = 14.0.25123.0
MinimumVisualStudioVersion = 10.0.40219.1
Project("{8F1FE80D-7DCE-4C6D-BA63-7AA1101CF77C}") = "Sitecore.Support.192767", "Sitecore.Support.192767\Sitecore.Support.192767.csproj", "{7D052209-284D-4459-B05F-A2E40DE200A5}"
EndProject
Global
	GlobalSection(SolutionConfigurationPlatforms) = preSolution
		Debug|Any CPU = Debug|Any CPU
		Release|Any CPU = Release|Any CPU
	EndGlobalSection
	GlobalSection(ProjectConfigurationPlatforms) = postSolution
		{7D052209-284D-4459-B05F-A2E40DE200A5}.Debug|Any CPU.ActiveCfg = Debug|Any CPU
		{7D052209-284D-4459-B05F-A2E40DE200A5}.Debug|Any CPU.Build.0 = Debug|Any CPU
		{7D052209-284D-4459-B05F-A2E40DE200A5}.Release|Any CPU.ActiveCfg = Release|Any CPU
		{7D052209-284D-4459-B05F-A2E40DE200A5}.Release|Any CPU.Build.0 = Release|Any CPU
	EndGlobalSection
	GlobalSection(SolutionProperties) = preSolution
		HideSolutionNode = FALSE
	EndGlobalSection
EndGlobal
